{
    "_meta": {
        "hash": {
            "sha256": "a5db2e6c3e89359ce1a91568a4f71fc8aa84e07d943eb4052c19fd9f7831a1c6"
        },
        "pipfile-spec": 6,
        "requires": {
            "python_version": "2.7"
        },
        "sources": [
            {
                "name": "pypi",
                "url": "https://pypi.org/simple",
                "verify_ssl": true
            }
        ]
    },
    "default": {
        "python-nmap": {
            "hashes": [
                "sha256:80ba0eb10a52283a54a633f40b5baa9c2ff08675d6621dd089ead942852f5bd3"
            ],
            "index": "pypi",
            "version": "==0.6.1"
        }
    },
    "develop": {}
}
